
Microsoft Visual Studio Solution File, Format Version 12.00
# Visual Studio 14
VisualStudioVersion = 14.0.24720.0
MinimumVisualStudioVersion = 10.0.40219.1
Project("{FAE04EC0-301F-11D3-BF4B-00C04F79EFBC}") = "LibreriaSuprocesos", "LibreriaSuprocesos\LibreriaSuprocesos.csproj", "{72C0B17F-8FD4-4988-9B98-94F4052F610D}"
EndProject
Project("{FAE04EC0-301F-11D3-BF4B-00C04F79EFBC}") = "ServidorConsola", "ServidorConsola\ServidorConsola.csproj", "{036A311C-5C5A-4CDF-92BE-F093C40DBBE1}"
EndProject
Global
	GlobalSection(SolutionConfigurationPlatforms) = preSolution
		Debug|Any CPU = Debug|Any CPU
		Release|Any CPU = Release|Any CPU
	EndGlobalSection
	GlobalSection(ProjectConfigurationPlatforms) = postSolution
		{72C0B17F-8FD4-4988-9B98-94F4052F610D}.Debug|Any CPU.ActiveCfg = Debug|Any CPU
		{72C0B17F-8FD4-4988-9B98-94F4052F610D}.Debug|Any CPU.Build.0 = Debug|Any CPU
		{72C0B17F-8FD4-4988-9B98-94F4052F610D}.Release|Any CPU.ActiveCfg = Release|Any CPU
		{72C0B17F-8FD4-4988-9B98-94F4052F610D}.Release|Any CPU.Build.0 = Release|Any CPU
		{036A311C-5C5A-4CDF-92BE-F093C40DBBE1}.Debug|Any CPU.ActiveCfg = Debug|Any CPU
		{036A311C-5C5A-4CDF-92BE-F093C40DBBE1}.Debug|Any CPU.Build.0 = Debug|Any CPU
		{036A311C-5C5A-4CDF-92BE-F093C40DBBE1}.Release|Any CPU.ActiveCfg = Release|Any CPU
		{036A311C-5C5A-4CDF-92BE-F093C40DBBE1}.Release|Any CPU.Build.0 = Release|Any CPU
	EndGlobalSection
	GlobalSection(SolutionProperties) = preSolution
		HideSolutionNode = FALSE
	EndGlobalSection
EndGlobal
